
Microsoft Visual Studio Solution File, Format Version 12.00
# Visual Studio Version 16
VisualStudioVersion = 16.0.30621.155
MinimumVisualStudioVersion = 10.0.40219.1
Project("{FAE04EC0-301F-11D3-BF4B-00C04F79EFBC}") = "Course", "Course\Course.csproj", "{47E012D3-3A8A-481F-86A2-305959961A23}"
EndProject
Global
	GlobalSection(SolutionConfigurationPlatforms) = preSolution
		Debug|Any CPU = Debug|Any CPU
		Release|Any CPU = Release|Any CPU
	EndGlobalSection
	GlobalSection(ProjectConfigurationPlatforms) = postSolution
		{47E012D3-3A8A-481F-86A2-305959961A23}.Debug|Any CPU.ActiveCfg = Debug|Any CPU
		{47E012D3-3A8A-481F-86A2-305959961A23}.Debug|Any CPU.Build.0 = Debug|Any CPU
		{47E012D3-3A8A-481F-86A2-305959961A23}.Release|Any CPU.ActiveCfg = Release|Any CPU
		{47E012D3-3A8A-481F-86A2-305959961A23}.Release|Any CPU.Build.0 = Release|Any CPU
	EndGlobalSection
	GlobalSection(SolutionProperties) = preSolution
		HideSolutionNode = FALSE
	EndGlobalSection
	GlobalSection(ExtensibilityGlobals) = postSolution
		SolutionGuid = {79861EFC-B29B-46CD-AB71-7DAFC090495C}
	EndGlobalSection
EndGlobal
